// !$*UTF8*$!
{
	archiveVersion = 1;
	classes = {
	};
	objectVersion = 50;
	objects = {

/* Begin PBXBuildFile section */
		43541C2625B0AC5300D4B454 /* CouponSystemApp.swift in Sources */ = {isa = PBXBuildFile; fileRef = 43541C2525B0AC5300D4B454 /* CouponSystemApp.swift */; };
		43541C2825B0AC5300D4B454 /* ContentView.swift in Sources */ = {isa = PBXBuildFile; fileRef = 43541C2725B0AC5300D4B454 /* ContentView.swift */; };
		43541C2A25B0AC5500D4B454 /* Assets.xcassets in Resources */ = {isa = PBXBuildFile; fileRef = 43541C2925B0AC5500D4B454 /* Assets.xcassets */; };
		43541C2D25B0AC5500D4B454 /* Preview Assets.xcassets in Resources */ = {isa = PBXBuildFile; fileRef = 43541C2C25B0AC5500D4B454 /* Preview Assets.xcassets */; };
		43541C2F25B0AC5500D4B454 /* Persistence.swift in Sources */ = {isa = PBXBuildFile; fileRef = 43541C2E25B0AC5500D4B454 /* Persistence.swift */; };
		43541C3225B0AC5500D4B454 /* CouponSystem.xcdatamodeld in Sources */ = {isa = PBXBuildFile; fileRef = 43541C3025B0AC5500D4B454 /* CouponSystem.xcdatamodeld */; };
		43541C3E25B0AED800D4B454 /* Coupon.swift in Sources */ = {isa = PBXBuildFile; fileRef = 43541C3D25B0AED800D4B454 /* Coupon.swift */; };
		43541C4125B0B05600D4B454 /* Company.swift in Sources */ = {isa = PBXBuildFile; fileRef = 43541C4025B0B05600D4B454 /* Company.swift */; };
		43541C4425B0B27500D4B454 /* Customer.swift in Sources */ = {isa = PBXBuildFile; fileRef = 43541C4325B0B27500D4B454 /* Customer.swift */; };
		43541C4725B0B2BF00D4B454 /* Category.swift in Sources */ = {isa = PBXBuildFile; fileRef = 43541C4625B0B2BF00D4B454 /* Category.swift */; };
		43541C4B25B0B68300D4B454 /* CouponItemView.swift in Sources */ = {isa = PBXBuildFile; fileRef = 43541C4A25B0B68300D4B454 /* CouponItemView.swift */; };
		43541C9A25B1CC1000D4B454 /* CouponDetail.swift in Sources */ = {isa = PBXBuildFile; fileRef = 43541C9925B1CC1000D4B454 /* CouponDetail.swift */; };
		43541CA225B1DDAF00D4B454 /* AppDelegate.swift in Sources */ = {isa = PBXBuildFile; fileRef = 43541CA125B1DDAF00D4B454 /* AppDelegate.swift */; };
		43541CA625B31A1700D4B454 /* OrderCouopon.swift in Sources */ = {isa = PBXBuildFile; fileRef = 43541CA525B31A1700D4B454 /* OrderCouopon.swift */; };
		43541CB825B3213C00D4B454 /* AppView.swift in Sources */ = {isa = PBXBuildFile; fileRef = 43541CB725B3213C00D4B454 /* AppView.swift */; };
		43541CBC25B321B300D4B454 /* OrderView.swift in Sources */ = {isa = PBXBuildFile; fileRef = 43541CBB25B321B300D4B454 /* OrderView.swift */; };
		43541CC225B35B3C00D4B454 /* MyCoupons.swift in Sources */ = {isa = PBXBuildFile; fileRef = 43541CC125B35B3C00D4B454 /* MyCoupons.swift */; };
		43541CC925B35F9F00D4B454 /* CheckoutView.swift in Sources */ = {isa = PBXBuildFile; fileRef = 43541CC825B35F9F00D4B454 /* CheckoutView.swift */; };
/* End PBXBuildFile section */

/* Begin PBXFileReference section */
		43541C2225B0AC5300D4B454 /* CouponSystem.app */ = {isa = PBXFileReference; explicitFileType = wrapper.application; includeInIndex = 0; path = CouponSystem.app; sourceTree = BUILT_PRODUCTS_DIR; };
		43541C2525B0AC5300D4B454 /* CouponSystemApp.swift */ = {isa = PBXFileReference; lastKnownFileType = sourcecode.swift; path = CouponSystemApp.swift; sourceTree = "<group>"; };
		43541C2725B0AC5300D4B454 /* ContentView.swift */ = {isa = PBXFileReference; lastKnownFileType = sourcecode.swift; path = ContentView.swift; sourceTree = "<group>"; };
		43541C2925B0AC5500D4B454 /* Assets.xcassets */ = {isa = PBXFileReference; lastKnownFileType = folder.assetcatalog; path = Assets.xcassets; sourceTree = "<group>"; };
		43541C2C25B0AC5500D4B454 /* Preview Assets.xcassets */ = {isa = PBXFileReference; lastKnownFileType = folder.assetcatalog; path = "Preview Assets.xcassets"; sourceTree = "<group>"; };
		43541C2E25B0AC5500D4B454 /* Persistence.swift */ = {isa = PBXFileReference; lastKnownFileType = sourcecode.swift; path = Persistence.swift; sourceTree = "<group>"; };
		43541C3125B0AC5500D4B454 /* CouponSystem.xcdatamodel */ = {isa = PBXFileReference; lastKnownFileType = wrapper.xcdatamodel; path = CouponSystem.xcdatamodel; sourceTree = "<group>"; };
		43541C3325B0AC5500D4B454 /* Info.plist */ = {isa = PBXFileReference; lastKnownFileType = text.plist.xml; path = Info.plist; sourceTree = "<group>"; };
		43541C3D25B0AED800D4B454 /* Coupon.swift */ = {isa = PBXFileReference; lastKnownFileType = sourcecode.swift; path = Coupon.swift; sourceTree = "<group>"; };
		43541C4025B0B05600D4B454 /* Company.swift */ = {isa = PBXFileReference; lastKnownFileType = sourcecode.swift; path = Company.swift; sourceTree = "<group>"; };
		43541C4325B0B27500D4B454 /* Customer.swift */ = {isa = PBXFileReference; lastKnownFileType = sourcecode.swift; path = Customer.swift; sourceTree = "<group>"; };
		43541C4625B0B2BF00D4B454 /* Category.swift */ = {isa = PBXFileReference; lastKnownFileType = sourcecode.swift; path = Category.swift; sourceTree = "<group>"; };
		43541C4A25B0B68300D4B454 /* CouponItemView.swift */ = {isa = PBXFileReference; lastKnownFileType = sourcecode.swift; path = CouponItemView.swift; sourceTree = "<group>"; };
		43541C9925B1CC1000D4B454 /* CouponDetail.swift */ = {isa = PBXFileReference; lastKnownFileType = sourcecode.swift; path = CouponDetail.swift; sourceTree = "<group>"; };
		43541CA125B1DDAF00D4B454 /* AppDelegate.swift */ = {isa = PBXFileReference; lastKnownFileType = sourcecode.swift; path = AppDelegate.swift; sourceTree = "<group>"; };
		43541CA525B31A1700D4B454 /* OrderCouopon.swift */ = {isa = PBXFileReference; lastKnownFileType = sourcecode.swift; path = OrderCouopon.swift; sourceTree = "<group>"; };
		43541CB725B3213C00D4B454 /* AppView.swift */ = {isa = PBXFileReference; lastKnownFileType = sourcecode.swift; path = AppView.swift; sourceTree = "<group>"; };
		43541CBB25B321B300D4B454 /* OrderView.swift */ = {isa = PBXFileReference; lastKnownFileType = sourcecode.swift; path = OrderView.swift; sourceTree = "<group>"; };
		43541CC125B35B3C00D4B454 /* MyCoupons.swift */ = {isa = PBXFileReference; lastKnownFileType = sourcecode.swift; path = MyCoupons.swift; sourceTree = "<group>"; };
		43541CC825B35F9F00D4B454 /* CheckoutView.swift */ = {isa = PBXFileReference; lastKnownFileType = sourcecode.swift; path = CheckoutView.swift; sourceTree = "<group>"; };
/* End PBXFileReference section */

/* Begin PBXFrameworksBuildPhase section */
		43541C1F25B0AC5300D4B454 /* Frameworks */ = {
			isa = PBXFrameworksBuildPhase;
			buildActionMask = 2147483647;
			files = (
			);
			runOnlyForDeploymentPostprocessing = 0;
		};
/* End PBXFrameworksBuildPhase section */

/* Begin PBXGroup section */
		43541C1925B0AC5300D4B454 = {
			isa = PBXGroup;
			children = (
				43541C2425B0AC5300D4B454 /* CouponSystem */,
				43541C2325B0AC5300D4B454 /* Products */,
			);
			sourceTree = "<group>";
		};
		43541C2325B0AC5300D4B454 /* Products */ = {
			isa = PBXGroup;
			children = (
				43541C2225B0AC5300D4B454 /* CouponSystem.app */,
			);
			name = Products;
			sourceTree = "<group>";
		};
		43541C2425B0AC5300D4B454 /* CouponSystem */ = {
			isa = PBXGroup;
			children = (
				43541C2525B0AC5300D4B454 /* CouponSystemApp.swift */,
				43541CA525B31A1700D4B454 /* OrderCouopon.swift */,
				43541CB725B3213C00D4B454 /* AppView.swift */,
				43541C2725B0AC5300D4B454 /* ContentView.swift */,
				43541C3C25B0AEA300D4B454 /* View */,
				43541C3B25B0AE9900D4B454 /* DataManager */,
				43541C3A25B0AE8A00D4B454 /* Models */,
				43541C2925B0AC5500D4B454 /* Assets.xcassets */,
				43541C2E25B0AC5500D4B454 /* Persistence.swift */,
				43541CA125B1DDAF00D4B454 /* AppDelegate.swift */,
				43541C3325B0AC5500D4B454 /* Info.plist */,
				43541C3025B0AC5500D4B454 /* CouponSystem.xcdatamodeld */,
				43541C2B25B0AC5500D4B454 /* Preview Content */,
			);
			path = CouponSystem;
			sourceTree = "<group>";
		};
		43541C2B25B0AC5500D4B454 /* Preview Content */ = {
			isa = PBXGroup;
			children = (
				43541C2C25B0AC5500D4B454 /* Preview Assets.xcassets */,
			);
			path = "Preview Content";
			sourceTree = "<group>";
		};
		43541C3A25B0AE8A00D4B454 /* Models */ = {
			isa = PBXGroup;
			children = (
				43541C3D25B0AED800D4B454 /* Coupon.swift */,
				43541C4025B0B05600D4B454 /* Company.swift */,
				43541C4325B0B27500D4B454 /* Customer.swift */,
				43541C4625B0B2BF00D4B454 /* Category.swift */,
			);
			path = Models;
			sourceTree = "<group>";
		};
		43541C3B25B0AE9900D4B454 /* DataManager */ = {
			isa = PBXGroup;
			children = (
			);
			path = DataManager;
			sourceTree = "<group>";
		};
		43541C3C25B0AEA300D4B454 /* View */ = {
			isa = PBXGroup;
			children = (
				43541C4A25B0B68300D4B454 /* CouponItemView.swift */,
				43541C9925B1CC1000D4B454 /* CouponDetail.swift */,
				43541CBB25B321B300D4B454 /* OrderView.swift */,
				43541CC125B35B3C00D4B454 /* MyCoupons.swift */,
				43541CC825B35F9F00D4B454 /* CheckoutView.swift */,
			);
			path = View;
			sourceTree = "<group>";
		};
/* End PBXGroup section */

/* Begin PBXNativeTarget section */
		43541C2125B0AC5300D4B454 /* CouponSystem */ = {
			isa = PBXNativeTarget;
			buildConfigurationList = 43541C3625B0AC5500D4B454 /* Build configuration list for PBXNativeTarget "CouponSystem" */;
			buildPhases = (
				43541C1E25B0AC5300D4B454 /* Sources */,
				43541C1F25B0AC5300D4B454 /* Frameworks */,
				43541C2025B0AC5300D4B454 /* Resources */,
			);
			buildRules = (
			);
			dependencies = (
			);
			name = CouponSystem;
			productName = CouponSystem;
			productReference = 43541C2225B0AC5300D4B454 /* CouponSystem.app */;
			productType = "com.apple.product-type.application";
		};
/* End PBXNativeTarget section */

/* Begin PBXProject section */
		43541C1A25B0AC5300D4B454 /* Project object */ = {
			isa = PBXProject;
			attributes = {
				LastSwiftUpdateCheck = 1230;
				LastUpgradeCheck = 1230;
				TargetAttributes = {
					43541C2125B0AC5300D4B454 = {
						CreatedOnToolsVersion = 12.3;
					};
				};
			};
			buildConfigurationList = 43541C1D25B0AC5300D4B454 /* Build configuration list for PBXProject "CouponSystem" */;
			compatibilityVersion = "Xcode 9.3";
			developmentRegion = en;
			hasScannedForEncodings = 0;
			knownRegions = (
				en,
				Base,
			);
			mainGroup = 43541C1925B0AC5300D4B454;
			productRefGroup = 43541C2325B0AC5300D4B454 /* Products */;
			projectDirPath = "";
			projectRoot = "";
			targets = (
				43541C2125B0AC5300D4B454 /* CouponSystem */,
			);
		};
/* End PBXProject section */

/* Begin PBXResourcesBuildPhase section */
		43541C2025B0AC5300D4B454 /* Resources */ = {
			isa = PBXResourcesBuildPhase;
			buildActionMask = 2147483647;
			files = (
				43541C2D25B0AC5500D4B454 /* Preview Assets.xcassets in Resources */,
				43541C2A25B0AC5500D4B454 /* Assets.xcassets in Resources */,
			);
			runOnlyForDeploymentPostprocessing = 0;
		};
/* End PBXResourcesBuildPhase section */

/* Begin PBXSourcesBuildPhase section */
		43541C1E25B0AC5300D4B454 /* Sources */ = {
			isa = PBXSourcesBuildPhase;
			buildActionMask = 2147483647;
			files = (
				43541CC225B35B3C00D4B454 /* MyCoupons.swift in Sources */,
				43541CB825B3213C00D4B454 /* AppView.swift in Sources */,
				43541CA625B31A1700D4B454 /* OrderCouopon.swift in Sources */,
				43541CA225B1DDAF00D4B454 /* AppDelegate.swift in Sources */,
				43541C3E25B0AED800D4B454 /* Coupon.swift in Sources */,
				43541C4425B0B27500D4B454 /* Customer.swift in Sources */,
				43541C2F25B0AC5500D4B454 /* Persistence.swift in Sources */,
				43541C4B25B0B68300D4B454 /* CouponItemView.swift in Sources */,
				43541C2825B0AC5300D4B454 /* ContentView.swift in Sources */,
				43541C3225B0AC5500D4B454 /* CouponSystem.xcdatamodeld in Sources */,
				43541C4725B0B2BF00D4B454 /* Category.swift in Sources */,
				43541C2625B0AC5300D4B454 /* CouponSystemApp.swift in Sources */,
				43541CBC25B321B300D4B454 /* OrderView.swift in Sources */,
				43541C9A25B1CC1000D4B454 /* CouponDetail.swift in Sources */,
				43541CC925B35F9F00D4B454 /* CheckoutView.swift in Sources */,
				43541C4125B0B05600D4B454 /* Company.swift in Sources */,
			);
			runOnlyForDeploymentPostprocessing = 0;
		};
/* End PBXSourcesBuildPhase section */

/* Begin XCBuildConfiguration section */
		43541C3425B0AC5500D4B454 /* Debug */ = {
			isa = XCBuildConfiguration;
			buildSettings = {
				ALWAYS_SEARCH_USER_PATHS = NO;
				CLANG_ANALYZER_NONNULL = YES;
				CLANG_ANALYZER_NUMBER_OBJECT_CONVERSION = YES_AGGRESSIVE;
				CLANG_CXX_LANGUAGE_STANDARD = "gnu++14";
				CLANG_CXX_LIBRARY = "libc++";
				CLANG_ENABLE_MODULES = YES;
				CLANG_ENABLE_OBJC_ARC = YES;
				CLANG_ENABLE_OBJC_WEAK = YES;
				CLANG_WARN_BLOCK_CAPTURE_AUTORELEASING = YES;
				CLANG_WARN_BOOL_CONVERSION = YES;
				CLANG_WARN_COMMA = YES;
				CLANG_WARN_CONSTANT_CONVERSION = YES;
				CLANG_WARN_DEPRECATED_OBJC_IMPLEMENTATIONS = YES;
				CLANG_WARN_DIRECT_OBJC_ISA_USAGE = YES_ERROR;
				CLANG_WARN_DOCUMENTATION_COMMENTS = YES;
				CLANG_WARN_EMPTY_BODY = YES;
				CLANG_WARN_ENUM_CONVERSION = YES;
				CLANG_WARN_INFINITE_RECURSION = YES;
				CLANG_WARN_INT_CONVERSION = YES;
				CLANG_WARN_NON_LITERAL_NULL_CONVERSION = YES;
				CLANG_WARN_OBJC_IMPLICIT_RETAIN_SELF = YES;
				CLANG_WARN_OBJC_LITERAL_CONVERSION = YES;
				CLANG_WARN_OBJC_ROOT_CLASS = YES_ERROR;
				CLANG_WARN_QUOTED_INCLUDE_IN_FRAMEWORK_HEADER = YES;
				CLANG_WARN_RANGE_LOOP_ANALYSIS = YES;
				CLANG_WARN_STRICT_PROTOTYPES = YES;
				CLANG_WARN_SUSPICIOUS_MOVE = YES;
				CLANG_WARN_UNGUARDED_AVAILABILITY = YES_AGGRESSIVE;
				CLANG_WARN_UNREACHABLE_CODE = YES;
				CLANG_WARN__DUPLICATE_METHOD_MATCH = YES;
				COPY_PHASE_STRIP = NO;
				DEBUG_INFORMATION_FORMAT = dwarf;
				ENABLE_STRICT_OBJC_MSGSEND = YES;
				ENABLE_TESTABILITY = YES;
				GCC_C_LANGUAGE_STANDARD = gnu11;
				GCC_DYNAMIC_NO_PIC = NO;
				GCC_NO_COMMON_BLOCKS = YES;
				GCC_OPTIMIZATION_LEVEL = 0;
				GCC_PREPROCESSOR_DEFINITIONS = (
					"DEBUG=1",
					"$(inherited)",
				);
				GCC_WARN_64_TO_32_BIT_CONVERSION = YES;
				GCC_WARN_ABOUT_RETURN_TYPE = YES_ERROR;
				GCC_WARN_UNDECLARED_SELECTOR = YES;
				GCC_WARN_UNINITIALIZED_AUTOS = YES_AGGRESSIVE;
				GCC_WARN_UNUSED_FUNCTION = YES;
				GCC_WARN_UNUSED_VARIABLE = YES;
				IPHONEOS_DEPLOYMENT_TARGET = 14.3;
				MTL_ENABLE_DEBUG_INFO = INCLUDE_SOURCE;
				MTL_FAST_MATH = YES;
				ONLY_ACTIVE_ARCH = YES;
				SDKROOT = iphoneos;
				SWIFT_ACTIVE_COMPILATION_CONDITIONS = DEBUG;
				SWIFT_OPTIMIZATION_LEVEL = "-Onone";
			};
			name = Debug;
		};
		43541C3525B0AC5500D4B454 /* Release */ = {
			isa = XCBuildConfiguration;
			buildSettings = {
				ALWAYS_SEARCH_USER_PATHS = NO;
				CLANG_ANALYZER_NONNULL = YES;
				CLANG_ANALYZER_NUMBER_OBJECT_CONVERSION = YES_AGGRESSIVE;
				CLANG_CXX_LANGUAGE_STANDARD = "gnu++14";
				CLANG_CXX_LIBRARY = "libc++";
				CLANG_ENABLE_MODULES = YES;
				CLANG_ENABLE_OBJC_ARC = YES;
				CLANG_ENABLE_OBJC_WEAK = YES;
				CLANG_WARN_BLOCK_CAPTURE_AUTORELEASING = YES;
				CLANG_WARN_BOOL_CONVERSION = YES;
				CLANG_WARN_COMMA = YES;
				CLANG_WARN_CONSTANT_CONVERSION = YES;
				CLANG_WARN_DEPRECATED_OBJC_IMPLEMENTATIONS = YES;
				CLANG_WARN_DIRECT_OBJC_ISA_USAGE = YES_ERROR;
				CLANG_WARN_DOCUMENTATION_COMMENTS = YES;
				CLANG_WARN_EMPTY_BODY = YES;
				CLANG_WARN_ENUM_CONVERSION = YES;
				CLANG_WARN_INFINITE_RECURSION = YES;
				CLANG_WARN_INT_CONVERSION = YES;
				CLANG_WARN_NON_LITERAL_NULL_CONVERSION = YES;
				CLANG_WARN_OBJC_IMPLICIT_RETAIN_SELF = YES;
				CLANG_WARN_OBJC_LITERAL_CONVERSION = YES;
				CLANG_WARN_OBJC_ROOT_CLASS = YES_ERROR;
				CLANG_WARN_QUOTED_INCLUDE_IN_FRAMEWORK_HEADER = YES;
				CLANG_WARN_RANGE_LOOP_ANALYSIS = YES;
				CLANG_WARN_STRICT_PROTOTYPES = YES;
				CLANG_WARN_SUSPICIOUS_MOVE = YES;
				CLANG_WARN_UNGUARDED_AVAILABILITY = YES_AGGRESSIVE;
				CLANG_WARN_UNREACHABLE_CODE = YES;
				CLANG_WARN__DUPLICATE_METHOD_MATCH = YES;
				COPY_PHASE_STRIP = NO;
				DEBUG_INFORMATION_FORMAT = "dwarf-with-dsym";
				ENABLE_NS_ASSERTIONS = NO;
				ENABLE_STRICT_OBJC_MSGSEND = YES;
				GCC_C_LANGUAGE_STANDARD = gnu11;
				GCC_NO_COMMON_BLOCKS = YES;
				GCC_WARN_64_TO_32_BIT_CONVERSION = YES;
				GCC_WARN_ABOUT_RETURN_TYPE = YES_ERROR;
				GCC_WARN_UNDECLARED_SELECTOR = YES;
				GCC_WARN_UNINITIALIZED_AUTOS = YES_AGGRESSIVE;
				GCC_WARN_UNUSED_FUNCTION = YES;
				GCC_WARN_UNUSED_VARIABLE = YES;
				IPHONEOS_DEPLOYMENT_TARGET = 14.3;
				MTL_ENABLE_DEBUG_INFO = NO;
				MTL_FAST_MATH = YES;
				SDKROOT = iphoneos;
				SWIFT_COMPILATION_MODE = wholemodule;
				SWIFT_OPTIMIZATION_LEVEL = "-O";
				VALIDATE_PRODUCT = YES;
			};
			name = Release;
		};
		43541C3725B0AC5500D4B454 /* Debug */ = {
			isa = XCBuildConfiguration;
			buildSettings = {
				ASSETCATALOG_COMPILER_APPICON_NAME = AppIcon;
				ASSETCATALOG_COMPILER_GLOBAL_ACCENT_COLOR_NAME = AccentColor;
				CODE_SIGN_STYLE = Automatic;
				DEVELOPMENT_ASSET_PATHS = "\"CouponSystem/Preview Content\"";
				ENABLE_PREVIEWS = YES;
				INFOPLIST_FILE = CouponSystem/Info.plist;
				IPHONEOS_DEPLOYMENT_TARGET = 14.0;
				LD_RUNPATH_SEARCH_PATHS = (
					"$(inherited)",
					"@executable_path/Frameworks",
				);
				PRODUCT_BUNDLE_IDENTIFIER = talspektor.CouponSystem;
				PRODUCT_NAME = "$(TARGET_NAME)";
				SWIFT_VERSION = 5.0;
				TARGETED_DEVICE_FAMILY = "1,2";
			};
			name = Debug;
		};
		43541C3825B0AC5500D4B454 /* Release */ = {
			isa = XCBuildConfiguration;
			buildSettings = {
				ASSETCATALOG_COMPILER_APPICON_NAME = AppIcon;
				ASSETCATALOG_COMPILER_GLOBAL_ACCENT_COLOR_NAME = AccentColor;
				CODE_SIGN_STYLE = Automatic;
				DEVELOPMENT_ASSET_PATHS = "\"CouponSystem/Preview Content\"";
				ENABLE_PREVIEWS = YES;
				INFOPLIST_FILE = CouponSystem/Info.plist;
				IPHONEOS_DEPLOYMENT_TARGET = 14.0;
				LD_RUNPATH_SEARCH_PATHS = (
					"$(inherited)",
					"@executable_path/Frameworks",
				);
				PRODUCT_BUNDLE_IDENTIFIER = talspektor.CouponSystem;
				PRODUCT_NAME = "$(TARGET_NAME)";
				SWIFT_VERSION = 5.0;
				TARGETED_DEVICE_FAMILY = "1,2";
			};
			name = Release;
		};
/* End XCBuildConfiguration section */

/* Begin XCConfigurationList section */
		43541C1D25B0AC5300D4B454 /* Build configuration list for PBXProject "CouponSystem" */ = {
			isa = XCConfigurationList;
			buildConfigurations = (
				43541C3425B0AC5500D4B454 /* Debug */,
				43541C3525B0AC5500D4B454 /* Release */,
			);
			defaultConfigurationIsVisible = 0;
			defaultConfigurationName = Release;
		};
		43541C3625B0AC5500D4B454 /* Build configuration list for PBXNativeTarget "CouponSystem" */ = {
			isa = XCConfigurationList;
			buildConfigurations = (
				43541C3725B0AC5500D4B454 /* Debug */,
				43541C3825B0AC5500D4B454 /* Release */,
			);
			defaultConfigurationIsVisible = 0;
			defaultConfigurationName = Release;
		};
/* End XCConfigurationList section */

/* Begin XCVersionGroup section */
		43541C3025B0AC5500D4B454 /* CouponSystem.xcdatamodeld */ = {
			isa = XCVersionGroup;
			children = (
				43541C3125B0AC5500D4B454 /* CouponSystem.xcdatamodel */,
			);
			currentVersion = 43541C3125B0AC5500D4B454 /* CouponSystem.xcdatamodel */;
			path = CouponSystem.xcdatamodeld;
			sourceTree = "<group>";
			versionGroupType = wrapper.xcdatamodel;
		};
/* End XCVersionGroup section */
	};
	rootObject = 43541C1A25B0AC5300D4B454 /* Project object */;
}
